
Microsoft Visual Studio Solution File, Format Version 12.00
# Visual Studio Version 16
VisualStudioVersion = 16.0.30002.166
MinimumVisualStudioVersion = 10.0.40219.1
Project("{9A19103F-16F7-4668-BE54-9A1E7A4F7556}") = "dockertraining_compose_eugeniowidman", "dockertraining_compose_eugeniowidman\dockertraining_compose_eugeniowidman.csproj", "{3705AC81-A5AC-4A6C-BE7E-E3AB15F74F60}"
EndProject
Project("{E53339B2-1760-4266-BCC7-CA923CBCF16C}") = "docker-compose", "docker-compose.dcproj", "{185E400D-E659-4956-ADA5-9B83AD4F6DE0}"
EndProject
Global
	GlobalSection(SolutionConfigurationPlatforms) = preSolution
		Debug|Any CPU = Debug|Any CPU
		Release|Any CPU = Release|Any CPU
	EndGlobalSection
	GlobalSection(ProjectConfigurationPlatforms) = postSolution
		{3705AC81-A5AC-4A6C-BE7E-E3AB15F74F60}.Debug|Any CPU.ActiveCfg = Debug|Any CPU
		{3705AC81-A5AC-4A6C-BE7E-E3AB15F74F60}.Debug|Any CPU.Build.0 = Debug|Any CPU
		{3705AC81-A5AC-4A6C-BE7E-E3AB15F74F60}.Release|Any CPU.ActiveCfg = Release|Any CPU
		{3705AC81-A5AC-4A6C-BE7E-E3AB15F74F60}.Release|Any CPU.Build.0 = Release|Any CPU
		{185E400D-E659-4956-ADA5-9B83AD4F6DE0}.Debug|Any CPU.ActiveCfg = Debug|Any CPU
		{185E400D-E659-4956-ADA5-9B83AD4F6DE0}.Debug|Any CPU.Build.0 = Debug|Any CPU
		{185E400D-E659-4956-ADA5-9B83AD4F6DE0}.Release|Any CPU.ActiveCfg = Release|Any CPU
		{185E400D-E659-4956-ADA5-9B83AD4F6DE0}.Release|Any CPU.Build.0 = Release|Any CPU
	EndGlobalSection
	GlobalSection(SolutionProperties) = preSolution
		HideSolutionNode = FALSE
	EndGlobalSection
	GlobalSection(ExtensibilityGlobals) = postSolution
		SolutionGuid = {61BDAE43-D73F-49CE-BB5C-127459BC980B}
	EndGlobalSection
EndGlobal
